
Microsoft Visual Studio Solution File, Format Version 12.00
# Visual Studio Version 16
VisualStudioVersion = 16.0.30804.86
MinimumVisualStudioVersion = 10.0.40219.1
Project("{9A19103F-16F7-4668-BE54-9A1E7A4F7556}") = "BTK-TutorialGeneral", "BTK-TutorialGeneral\BTK-TutorialGeneral.csproj", "{0D9A5C87-328B-4868-B646-08097BF04B90}"
EndProject
Project("{FAE04EC0-301F-11D3-BF4B-00C04F79EFBC}") = "RecapDemo", "RecapDemo\RecapDemo.csproj", "{D3608D59-18E9-46EE-83AD-D96D007AD803}"
EndProject
Project("{9A19103F-16F7-4668-BE54-9A1E7A4F7556}") = "InterfaceKullanimi", "InterfaceKullanimi\InterfaceKullanimi.csproj", "{EADA001F-1029-4080-BF3F-9189677DAB23}"
EndProject
Project("{9A19103F-16F7-4668-BE54-9A1E7A4F7556}") = "InterfaceDemo", "InterfaceDemo\InterfaceDemo.csproj", "{CA21B3E5-7AE2-4F72-890F-1A2A3FF19145}"
EndProject
Project("{9A19103F-16F7-4668-BE54-9A1E7A4F7556}") = "Inheritance_Kalitim", "Inheritance_Kalitim\Inheritance_Kalitim.csproj", "{ED6E1770-5EBC-413D-B110-DD5273588459}"
EndProject
Project("{9A19103F-16F7-4668-BE54-9A1E7A4F7556}") = "VirtualMethods", "VirtualMethods\VirtualMethods.csproj", "{56A9B1D2-AD56-4801-BEC2-0D9C6316B10A}"
EndProject
Project("{9A19103F-16F7-4668-BE54-9A1E7A4F7556}") = "AbstractClasses", "AbstractClasses\AbstractClasses.csproj", "{5DD01223-BFC0-45AE-8DD6-4398F762DA89}"
EndProject
Project("{9A19103F-16F7-4668-BE54-9A1E7A4F7556}") = "RecapDemo2", "RecapDemo2\RecapDemo2.csproj", "{2EFDD0E5-BACE-44FE-893D-DF2A4F01498C}"
EndProject
Project("{9A19103F-16F7-4668-BE54-9A1E7A4F7556}") = "AccesModDemo", "AccesModDemo\AccesModDemo.csproj", "{89F23CBE-0790-453F-A37C-C2F5E07FC8F3}"
EndProject
Project("{FAE04EC0-301F-11D3-BF4B-00C04F79EFBC}") = "ModifierDemo2", "ModifierDemo2\ModifierDemo2.csproj", "{885586FF-0EFA-41CF-9F62-04CC07F36349}"
EndProject
Project("{FAE04EC0-301F-11D3-BF4B-00C04F79EFBC}") = "ACMod_Start", "ACMod_Start\ACMod_Start.csproj", "{072354D3-DB87-47D4-9565-A818DBB4074C}"
EndProject
Project("{FAE04EC0-301F-11D3-BF4B-00C04F79EFBC}") = "ACMod_Use", "ACMod_Use\ACMod_Use.csproj", "{AAD4D896-D679-4E06-A723-67F7219360A0}"
EndProject
Project("{FAE04EC0-301F-11D3-BF4B-00C04F79EFBC}") = "ConstructuresNedir", "ConstructuresNedir\ConstructuresNedir.csproj", "{FFFAC1AD-37A5-41FE-810A-BA26BABB61E9}"
EndProject
Project("{FAE04EC0-301F-11D3-BF4B-00C04F79EFBC}") = "ValuesReferences", "ValuesReferences\ValuesReferences.csproj", "{21D8BB17-4BB2-4EB3-A544-1CDBF33E0CA7}"
EndProject
Project("{FAE04EC0-301F-11D3-BF4B-00C04F79EFBC}") = "Koleksiyonlar", "Koleksiyonlar\Koleksiyonlar.csproj", "{70B219DA-FD17-4DC7-9F6E-99B0B31FB573}"
EndProject
Project("{FAE04EC0-301F-11D3-BF4B-00C04F79EFBC}") = "DictionaryKullanimi", "DictionaryKullanimi\DictionaryKullanimi.csproj", "{8CC5E107-1612-4530-9926-887FB5C287D6}"
EndProject
Project("{FAE04EC0-301F-11D3-BF4B-00C04F79EFBC}") = "ExceptionHandling", "ExceptionHandling\ExceptionHandling.csproj", "{3155F5C0-27E8-49D9-BA2E-E8CEBFEDC351}"
EndProject
Project("{FAE04EC0-301F-11D3-BF4B-00C04F79EFBC}") = "AdoNetDemo", "AdoNetDemo\AdoNetDemo.csproj", "{D837FFA2-9396-4AFB-8A5F-1FF5E355A27D}"
EndProject
Project("{FAE04EC0-301F-11D3-BF4B-00C04F79EFBC}") = "EntityFrameworkDemo", "EntityFrameworkDemo\EntityFrameworkDemo.csproj", "{597F4A49-F5B3-4B43-94CB-C50F015CB523}"
EndProject
Project("{9A19103F-16F7-4668-BE54-9A1E7A4F7556}") = "InterfaceDemo2", "InterfaceDemo2\InterfaceDemo2.csproj", "{AFBE5137-C93F-4F35-B528-35B73AF31936}"
EndProject
Project("{FAE04EC0-301F-11D3-BF4B-00C04F79EFBC}") = "AttributesKullanimi", "AttributesKullanimi\AttributesKullanimi.csproj", "{DBE66FA1-45EB-4674-9694-E6AB9FDA3170}"
EndProject
Project("{FAE04EC0-301F-11D3-BF4B-00C04F79EFBC}") = "Reflection", "Reflection\Reflection.csproj", "{61B2FC7E-C163-4105-8D3C-00AFCCE4461B}"
EndProject
Project("{FAE04EC0-301F-11D3-BF4B-00C04F79EFBC}") = "Delegates", "Delegates\Delegates.csproj", "{19BBB780-132A-4FBD-9F36-66E10A73C697}"
EndProject
Project("{FAE04EC0-301F-11D3-BF4B-00C04F79EFBC}") = "FuncKullanimi", "FuncKullanimi\FuncKullanimi.csproj", "{8CB7F133-4A6F-4335-B1B1-865179EAA158}"
EndProject
Project("{FAE04EC0-301F-11D3-BF4B-00C04F79EFBC}") = "Events", "Events\Events.csproj", "{FDF8353F-083B-4B92-A3DA-ACE9FAF94ACE}"
EndProject
Global
	GlobalSection(SolutionConfigurationPlatforms) = preSolution
		Debug|Any CPU = Debug|Any CPU
		Release|Any CPU = Release|Any CPU
	EndGlobalSection
	GlobalSection(ProjectConfigurationPlatforms) = postSolution
		{0D9A5C87-328B-4868-B646-08097BF04B90}.Debug|Any CPU.ActiveCfg = Debug|Any CPU
		{0D9A5C87-328B-4868-B646-08097BF04B90}.Debug|Any CPU.Build.0 = Debug|Any CPU
		{0D9A5C87-328B-4868-B646-08097BF04B90}.Release|Any CPU.ActiveCfg = Release|Any CPU
		{0D9A5C87-328B-4868-B646-08097BF04B90}.Release|Any CPU.Build.0 = Release|Any CPU
		{D3608D59-18E9-46EE-83AD-D96D007AD803}.Debug|Any CPU.ActiveCfg = Debug|Any CPU
		{D3608D59-18E9-46EE-83AD-D96D007AD803}.Debug|Any CPU.Build.0 = Debug|Any CPU
		{D3608D59-18E9-46EE-83AD-D96D007AD803}.Release|Any CPU.ActiveCfg = Release|Any CPU
		{D3608D59-18E9-46EE-83AD-D96D007AD803}.Release|Any CPU.Build.0 = Release|Any CPU
		{EADA001F-1029-4080-BF3F-9189677DAB23}.Debug|Any CPU.ActiveCfg = Debug|Any CPU
		{EADA001F-1029-4080-BF3F-9189677DAB23}.Debug|Any CPU.Build.0 = Debug|Any CPU
		{EADA001F-1029-4080-BF3F-9189677DAB23}.Release|Any CPU.ActiveCfg = Release|Any CPU
		{EADA001F-1029-4080-BF3F-9189677DAB23}.Release|Any CPU.Build.0 = Release|Any CPU
		{CA21B3E5-7AE2-4F72-890F-1A2A3FF19145}.Debug|Any CPU.ActiveCfg = Debug|Any CPU
		{CA21B3E5-7AE2-4F72-890F-1A2A3FF19145}.Debug|Any CPU.Build.0 = Debug|Any CPU
		{CA21B3E5-7AE2-4F72-890F-1A2A3FF19145}.Release|Any CPU.ActiveCfg = Release|Any CPU
		{CA21B3E5-7AE2-4F72-890F-1A2A3FF19145}.Release|Any CPU.Build.0 = Release|Any CPU
		{ED6E1770-5EBC-413D-B110-DD5273588459}.Debug|Any CPU.ActiveCfg = Debug|Any CPU
		{ED6E1770-5EBC-413D-B110-DD5273588459}.Debug|Any CPU.Build.0 = Debug|Any CPU
		{ED6E1770-5EBC-413D-B110-DD5273588459}.Release|Any CPU.ActiveCfg = Release|Any CPU
		{ED6E1770-5EBC-413D-B110-DD5273588459}.Release|Any CPU.Build.0 = Release|Any CPU
		{56A9B1D2-AD56-4801-BEC2-0D9C6316B10A}.Debug|Any CPU.ActiveCfg = Debug|Any CPU
		{56A9B1D2-AD56-4801-BEC2-0D9C6316B10A}.Debug|Any CPU.Build.0 = Debug|Any CPU
		{56A9B1D2-AD56-4801-BEC2-0D9C6316B10A}.Release|Any CPU.ActiveCfg = Release|Any CPU
		{56A9B1D2-AD56-4801-BEC2-0D9C6316B10A}.Release|Any CPU.Build.0 = Release|Any CPU
		{5DD01223-BFC0-45AE-8DD6-4398F762DA89}.Debug|Any CPU.ActiveCfg = Debug|Any CPU
		{5DD01223-BFC0-45AE-8DD6-4398F762DA89}.Debug|Any CPU.Build.0 = Debug|Any CPU
		{5DD01223-BFC0-45AE-8DD6-4398F762DA89}.Release|Any CPU.ActiveCfg = Release|Any CPU
		{5DD01223-BFC0-45AE-8DD6-4398F762DA89}.Release|Any CPU.Build.0 = Release|Any CPU
		{2EFDD0E5-BACE-44FE-893D-DF2A4F01498C}.Debug|Any CPU.ActiveCfg = Debug|Any CPU
		{2EFDD0E5-BACE-44FE-893D-DF2A4F01498C}.Debug|Any CPU.Build.0 = Debug|Any CPU
		{2EFDD0E5-BACE-44FE-893D-DF2A4F01498C}.Release|Any CPU.ActiveCfg = Release|Any CPU
		{2EFDD0E5-BACE-44FE-893D-DF2A4F01498C}.Release|Any CPU.Build.0 = Release|Any CPU
		{89F23CBE-0790-453F-A37C-C2F5E07FC8F3}.Debug|Any CPU.ActiveCfg = Debug|Any CPU
		{89F23CBE-0790-453F-A37C-C2F5E07FC8F3}.Debug|Any CPU.Build.0 = Debug|Any CPU
		{89F23CBE-0790-453F-A37C-C2F5E07FC8F3}.Release|Any CPU.ActiveCfg = Release|Any CPU
		{89F23CBE-0790-453F-A37C-C2F5E07FC8F3}.Release|Any CPU.Build.0 = Release|Any CPU
		{885586FF-0EFA-41CF-9F62-04CC07F36349}.Debug|Any CPU.ActiveCfg = Debug|Any CPU
		{885586FF-0EFA-41CF-9F62-04CC07F36349}.Debug|Any CPU.Build.0 = Debug|Any CPU
		{885586FF-0EFA-41CF-9F62-04CC07F36349}.Release|Any CPU.ActiveCfg = Release|Any CPU
		{885586FF-0EFA-41CF-9F62-04CC07F36349}.Release|Any CPU.Build.0 = Release|Any CPU
		{072354D3-DB87-47D4-9565-A818DBB4074C}.Debug|Any CPU.ActiveCfg = Debug|Any CPU
		{072354D3-DB87-47D4-9565-A818DBB4074C}.Debug|Any CPU.Build.0 = Debug|Any CPU
		{072354D3-DB87-47D4-9565-A818DBB4074C}.Release|Any CPU.ActiveCfg = Release|Any CPU
		{072354D3-DB87-47D4-9565-A818DBB4074C}.Release|Any CPU.Build.0 = Release|Any CPU
		{AAD4D896-D679-4E06-A723-67F7219360A0}.Debug|Any CPU.ActiveCfg = Debug|Any CPU
		{AAD4D896-D679-4E06-A723-67F7219360A0}.Debug|Any CPU.Build.0 = Debug|Any CPU
		{AAD4D896-D679-4E06-A723-67F7219360A0}.Release|Any CPU.ActiveCfg = Release|Any CPU
		{AAD4D896-D679-4E06-A723-67F7219360A0}.Release|Any CPU.Build.0 = Release|Any CPU
		{FFFAC1AD-37A5-41FE-810A-BA26BABB61E9}.Debug|Any CPU.ActiveCfg = Debug|Any CPU
		{FFFAC1AD-37A5-41FE-810A-BA26BABB61E9}.Debug|Any CPU.Build.0 = Debug|Any CPU
		{FFFAC1AD-37A5-41FE-810A-BA26BABB61E9}.Release|Any CPU.ActiveCfg = Release|Any CPU
		{FFFAC1AD-37A5-41FE-810A-BA26BABB61E9}.Release|Any CPU.Build.0 = Release|Any CPU
		{21D8BB17-4BB2-4EB3-A544-1CDBF33E0CA7}.Debug|Any CPU.ActiveCfg = Debug|Any CPU
		{21D8BB17-4BB2-4EB3-A544-1CDBF33E0CA7}.Debug|Any CPU.Build.0 = Debug|Any CPU
		{21D8BB17-4BB2-4EB3-A544-1CDBF33E0CA7}.Release|Any CPU.ActiveCfg = Release|Any CPU
		{21D8BB17-4BB2-4EB3-A544-1CDBF33E0CA7}.Release|Any CPU.Build.0 = Release|Any CPU
		{70B219DA-FD17-4DC7-9F6E-99B0B31FB573}.Debug|Any CPU.ActiveCfg = Debug|Any CPU
		{70B219DA-FD17-4DC7-9F6E-99B0B31FB573}.Debug|Any CPU.Build.0 = Debug|Any CPU
		{70B219DA-FD17-4DC7-9F6E-99B0B31FB573}.Release|Any CPU.ActiveCfg = Release|Any CPU
		{70B219DA-FD17-4DC7-9F6E-99B0B31FB573}.Release|Any CPU.Build.0 = Release|Any CPU
		{8CC5E107-1612-4530-9926-887FB5C287D6}.Debug|Any CPU.ActiveCfg = Debug|Any CPU
		{8CC5E107-1612-4530-9926-887FB5C287D6}.Debug|Any CPU.Build.0 = Debug|Any CPU
		{8CC5E107-1612-4530-9926-887FB5C287D6}.Release|Any CPU.ActiveCfg = Release|Any CPU
		{8CC5E107-1612-4530-9926-887FB5C287D6}.Release|Any CPU.Build.0 = Release|Any CPU
		{3155F5C0-27E8-49D9-BA2E-E8CEBFEDC351}.Debug|Any CPU.ActiveCfg = Debug|Any CPU
		{3155F5C0-27E8-49D9-BA2E-E8CEBFEDC351}.Debug|Any CPU.Build.0 = Debug|Any CPU
		{3155F5C0-27E8-49D9-BA2E-E8CEBFEDC351}.Release|Any CPU.ActiveCfg = Release|Any CPU
		{3155F5C0-27E8-49D9-BA2E-E8CEBFEDC351}.Release|Any CPU.Build.0 = Release|Any CPU
		{D837FFA2-9396-4AFB-8A5F-1FF5E355A27D}.Debug|Any CPU.ActiveCfg = Debug|Any CPU
		{D837FFA2-9396-4AFB-8A5F-1FF5E355A27D}.Debug|Any CPU.Build.0 = Debug|Any CPU
		{D837FFA2-9396-4AFB-8A5F-1FF5E355A27D}.Release|Any CPU.ActiveCfg = Release|Any CPU
		{D837FFA2-9396-4AFB-8A5F-1FF5E355A27D}.Release|Any CPU.Build.0 = Release|Any CPU
		{597F4A49-F5B3-4B43-94CB-C50F015CB523}.Debug|Any CPU.ActiveCfg = Debug|Any CPU
		{597F4A49-F5B3-4B43-94CB-C50F015CB523}.Debug|Any CPU.Build.0 = Debug|Any CPU
		{597F4A49-F5B3-4B43-94CB-C50F015CB523}.Release|Any CPU.ActiveCfg = Release|Any CPU
		{597F4A49-F5B3-4B43-94CB-C50F015CB523}.Release|Any CPU.Build.0 = Release|Any CPU
		{AFBE5137-C93F-4F35-B528-35B73AF31936}.Debug|Any CPU.ActiveCfg = Debug|Any CPU
		{AFBE5137-C93F-4F35-B528-35B73AF31936}.Debug|Any CPU.Build.0 = Debug|Any CPU
		{AFBE5137-C93F-4F35-B528-35B73AF31936}.Release|Any CPU.ActiveCfg = Release|Any CPU
		{AFBE5137-C93F-4F35-B528-35B73AF31936}.Release|Any CPU.Build.0 = Release|Any CPU
		{DBE66FA1-45EB-4674-9694-E6AB9FDA3170}.Debug|Any CPU.ActiveCfg = Debug|Any CPU
		{DBE66FA1-45EB-4674-9694-E6AB9FDA3170}.Debug|Any CPU.Build.0 = Debug|Any CPU
		{DBE66FA1-45EB-4674-9694-E6AB9FDA3170}.Release|Any CPU.ActiveCfg = Release|Any CPU
		{DBE66FA1-45EB-4674-9694-E6AB9FDA3170}.Release|Any CPU.Build.0 = Release|Any CPU
		{61B2FC7E-C163-4105-8D3C-00AFCCE4461B}.Debug|Any CPU.ActiveCfg = Debug|Any CPU
		{61B2FC7E-C163-4105-8D3C-00AFCCE4461B}.Debug|Any CPU.Build.0 = Debug|Any CPU
		{61B2FC7E-C163-4105-8D3C-00AFCCE4461B}.Release|Any CPU.ActiveCfg = Release|Any CPU
		{61B2FC7E-C163-4105-8D3C-00AFCCE4461B}.Release|Any CPU.Build.0 = Release|Any CPU
		{19BBB780-132A-4FBD-9F36-66E10A73C697}.Debug|Any CPU.ActiveCfg = Debug|Any CPU
		{19BBB780-132A-4FBD-9F36-66E10A73C697}.Debug|Any CPU.Build.0 = Debug|Any CPU
		{19BBB780-132A-4FBD-9F36-66E10A73C697}.Release|Any CPU.ActiveCfg = Release|Any CPU
		{19BBB780-132A-4FBD-9F36-66E10A73C697}.Release|Any CPU.Build.0 = Release|Any CPU
		{8CB7F133-4A6F-4335-B1B1-865179EAA158}.Debug|Any CPU.ActiveCfg = Debug|Any CPU
		{8CB7F133-4A6F-4335-B1B1-865179EAA158}.Debug|Any CPU.Build.0 = Debug|Any CPU
		{8CB7F133-4A6F-4335-B1B1-865179EAA158}.Release|Any CPU.ActiveCfg = Release|Any CPU
		{8CB7F133-4A6F-4335-B1B1-865179EAA158}.Release|Any CPU.Build.0 = Release|Any CPU
		{FDF8353F-083B-4B92-A3DA-ACE9FAF94ACE}.Debug|Any CPU.ActiveCfg = Debug|Any CPU
		{FDF8353F-083B-4B92-A3DA-ACE9FAF94ACE}.Debug|Any CPU.Build.0 = Debug|Any CPU
		{FDF8353F-083B-4B92-A3DA-ACE9FAF94ACE}.Release|Any CPU.ActiveCfg = Release|Any CPU
		{FDF8353F-083B-4B92-A3DA-ACE9FAF94ACE}.Release|Any CPU.Build.0 = Release|Any CPU
	EndGlobalSection
	GlobalSection(SolutionProperties) = preSolution
		HideSolutionNode = FALSE
	EndGlobalSection
	GlobalSection(ExtensibilityGlobals) = postSolution
		SolutionGuid = {4A9D6553-3671-48E5-862C-48DDB7986DC2}
	EndGlobalSection
EndGlobal
