
Microsoft Visual Studio Solution File, Format Version 12.00
# Visual Studio Version 16
VisualStudioVersion = 16.0.30804.86
MinimumVisualStudioVersion = 10.0.40219.1
Project("{9A19103F-16F7-4668-BE54-9A1E7A4F7556}") = "BTK-TutorialGeneral", "BTK-TutorialGeneral\BTK-TutorialGeneral.csproj", "{0D9A5C87-328B-4868-B646-08097BF04B90}"
EndProject
Project("{FAE04EC0-301F-11D3-BF4B-00C04F79EFBC}") = "RecapDemo", "RecapDemo\RecapDemo.csproj", "{D3608D59-18E9-46EE-83AD-D96D007AD803}"
EndProject
Project("{9A19103F-16F7-4668-BE54-9A1E7A4F7556}") = "InterfaceKullanimi", "InterfaceKullanimi\InterfaceKullanimi.csproj", "{EADA001F-1029-4080-BF3F-9189677DAB23}"
EndProject
Project("{FAE04EC0-301F-11D3-BF4B-00C04F79EFBC}") = "InterfaceDemo", "InterfaceDemo\InterfaceDemo.csproj", "{CA21B3E5-7AE2-4F72-890F-1A2A3FF19145}"
EndProject
Project("{FAE04EC0-301F-11D3-BF4B-00C04F79EFBC}") = "Inheritance_Kalitim", "Inheritance_Kalitim\Inheritance_Kalitim.csproj", "{ED6E1770-5EBC-413D-B110-DD5273588459}"
EndProject
Global
	GlobalSection(SolutionConfigurationPlatforms) = preSolution
		Debug|Any CPU = Debug|Any CPU
		Release|Any CPU = Release|Any CPU
	EndGlobalSection
	GlobalSection(ProjectConfigurationPlatforms) = postSolution
		{0D9A5C87-328B-4868-B646-08097BF04B90}.Debug|Any CPU.ActiveCfg = Debug|Any CPU
		{0D9A5C87-328B-4868-B646-08097BF04B90}.Debug|Any CPU.Build.0 = Debug|Any CPU
		{0D9A5C87-328B-4868-B646-08097BF04B90}.Release|Any CPU.ActiveCfg = Release|Any CPU
		{0D9A5C87-328B-4868-B646-08097BF04B90}.Release|Any CPU.Build.0 = Release|Any CPU
		{D3608D59-18E9-46EE-83AD-D96D007AD803}.Debug|Any CPU.ActiveCfg = Debug|Any CPU
		{D3608D59-18E9-46EE-83AD-D96D007AD803}.Debug|Any CPU.Build.0 = Debug|Any CPU
		{D3608D59-18E9-46EE-83AD-D96D007AD803}.Release|Any CPU.ActiveCfg = Release|Any CPU
		{D3608D59-18E9-46EE-83AD-D96D007AD803}.Release|Any CPU.Build.0 = Release|Any CPU
		{EADA001F-1029-4080-BF3F-9189677DAB23}.Debug|Any CPU.ActiveCfg = Debug|Any CPU
		{EADA001F-1029-4080-BF3F-9189677DAB23}.Debug|Any CPU.Build.0 = Debug|Any CPU
		{EADA001F-1029-4080-BF3F-9189677DAB23}.Release|Any CPU.ActiveCfg = Release|Any CPU
		{EADA001F-1029-4080-BF3F-9189677DAB23}.Release|Any CPU.Build.0 = Release|Any CPU
		{CA21B3E5-7AE2-4F72-890F-1A2A3FF19145}.Debug|Any CPU.ActiveCfg = Debug|Any CPU
		{CA21B3E5-7AE2-4F72-890F-1A2A3FF19145}.Debug|Any CPU.Build.0 = Debug|Any CPU
		{CA21B3E5-7AE2-4F72-890F-1A2A3FF19145}.Release|Any CPU.ActiveCfg = Release|Any CPU
		{CA21B3E5-7AE2-4F72-890F-1A2A3FF19145}.Release|Any CPU.Build.0 = Release|Any CPU
		{ED6E1770-5EBC-413D-B110-DD5273588459}.Debug|Any CPU.ActiveCfg = Debug|Any CPU
		{ED6E1770-5EBC-413D-B110-DD5273588459}.Debug|Any CPU.Build.0 = Debug|Any CPU
		{ED6E1770-5EBC-413D-B110-DD5273588459}.Release|Any CPU.ActiveCfg = Release|Any CPU
		{ED6E1770-5EBC-413D-B110-DD5273588459}.Release|Any CPU.Build.0 = Release|Any CPU
	EndGlobalSection
	GlobalSection(SolutionProperties) = preSolution
		HideSolutionNode = FALSE
	EndGlobalSection
	GlobalSection(ExtensibilityGlobals) = postSolution
		SolutionGuid = {4A9D6553-3671-48E5-862C-48DDB7986DC2}
	EndGlobalSection
EndGlobal
